
Microsoft Visual Studio Solution File, Format Version 12.00
# Visual Studio Version 17
VisualStudioVersion = 17.7.34031.279
MinimumVisualStudioVersion = 10.0.40219.1
Project("{FAE04EC0-301F-11D3-BF4B-00C04F79EFBC}") = "Interface_gcam", "Interface_gcam\Interface_gcam.csproj", "{86607208-055A-41D8-8C99-2A0BC52D06B4}"
EndProject
Global
	GlobalSection(SolutionConfigurationPlatforms) = preSolution
		Debug|Any CPU = Debug|Any CPU
		Release|Any CPU = Release|Any CPU
	EndGlobalSection
	GlobalSection(ProjectConfigurationPlatforms) = postSolution
		{86607208-055A-41D8-8C99-2A0BC52D06B4}.Debug|Any CPU.ActiveCfg = Debug|Any CPU
		{86607208-055A-41D8-8C99-2A0BC52D06B4}.Debug|Any CPU.Build.0 = Debug|Any CPU
		{86607208-055A-41D8-8C99-2A0BC52D06B4}.Release|Any CPU.ActiveCfg = Release|Any CPU
		{86607208-055A-41D8-8C99-2A0BC52D06B4}.Release|Any CPU.Build.0 = Release|Any CPU
	EndGlobalSection
	GlobalSection(SolutionProperties) = preSolution
		HideSolutionNode = FALSE
	EndGlobalSection
	GlobalSection(ExtensibilityGlobals) = postSolution
		SolutionGuid = {D82F90CD-8CF4-4933-ABE7-4D87D0CB9722}
	EndGlobalSection
EndGlobal
